# This file is automatically @generated by Cargo.
# It is not intended for manual editing.
version = 4

[[package]]
name = "libc"
version = "0.2.180"
source = "registry+https://github.com/rust-lang/crates.io-index"
checksum = "bcc35a38544a891a5f7c865aca548a982ccb3b8650a5b06d0fd33a10283c56fc"

[[package]]
name = "noargs"
version = "0.4.3"
source = "registry+https://github.com/rust-lang/crates.io-index"
checksum = "af5b13e43c3b5f1b4f2db60f5f03c803a04f5dd0a6fd44c83b5517ca1ec42ac4"

[[package]]
name = "nojson"
version = "0.3.15"
source = "registry+https://github.com/rust-lang/crates.io-index"
checksum = "1d7473c448719d0214889f9ff75d4cdb6cf96582e4a9058e6eb2a52dc8d342ae"

[[package]]
name = "tuinix"
version = "0.7.0"
source = "registry+https://github.com/rust-lang/crates.io-index"
checksum = "cb1b08ce720a23a8b0cbdb3a5972ae37e59d0fb37ba8e721c58fbb8140449cf7"
dependencies = [
 "libc",
]

[[package]]
name = "tuke"
version = "0.0.1"
dependencies = [
 "libc",
 "noargs",
 "nojson",
 "tuinix",
]
