# This file is automatically @generated by Cargo.
# It is not intended for manual editing.
version = 4

[[package]]
name = "arrayvec"
version = "0.7.8"
source = "registry+https://github.com/rust-lang/crates.io-index"
checksum = "d3fb67a6e08acf24fdeccbac2cb6ac4305825bd1f117462e0e6f2f193345ad56"

[[package]]
name = "libc"
version = "0.2.189"
source = "registry+https://github.com/rust-lang/crates.io-index"
checksum = "3eaf3ede3fee6db1a4c2ee091bf8a8b4dccdc6d17f656fb07896ee72867612f2"

[[package]]
name = "memchr"
version = "2.8.3"
source = "registry+https://github.com/rust-lang/crates.io-index"
checksum = "cf8baf1c55e62ffcace7a9f06f4bd9cd3f0c4beb022d3b367256b91b87513d98"

[[package]]
name = "noargs"
version = "0.4.3"
source = "registry+https://github.com/rust-lang/crates.io-index"
checksum = "af5b13e43c3b5f1b4f2db60f5f03c803a04f5dd0a6fd44c83b5517ca1ec42ac4"

[[package]]
name = "nojson"
version = "0.3.15"
source = "registry+https://github.com/rust-lang/crates.io-index"
checksum = "1d7473c448719d0214889f9ff75d4cdb6cf96582e4a9058e6eb2a52dc8d342ae"

[[package]]
name = "noprop"
version = "0.2.1"
source = "registry+https://github.com/rust-lang/crates.io-index"
checksum = "4b59efba88ff29e9fb1fea914a60aa69aea73f02f2bcbd76b369f7a07cdda95a"

[[package]]
name = "termnix"
version = "0.4.1"
source = "registry+https://github.com/rust-lang/crates.io-index"
checksum = "f69cc0f517c5e22f46d678e333afc02fad3c8e2f38aed514bcc55982402a6f4b"
dependencies = [
 "libc",
 "unicode-width",
 "vte",
]

[[package]]
name = "tuinix"
version = "0.7.0"
source = "registry+https://github.com/rust-lang/crates.io-index"
checksum = "cb1b08ce720a23a8b0cbdb3a5972ae37e59d0fb37ba8e721c58fbb8140449cf7"
dependencies = [
 "libc",
]

[[package]]
name = "tuke"
version = "0.0.1"
dependencies = [
 "libc",
 "noargs",
 "nojson",
 "noprop",
 "termnix",
 "tuinix",
]

[[package]]
name = "unicode-width"
version = "0.2.2"
source = "registry+https://github.com/rust-lang/crates.io-index"
checksum = "b4ac048d71ede7ee76d585517add45da530660ef4390e49b098733c6e897f254"

[[package]]
name = "vte"
version = "0.15.0"
source = "registry+https://github.com/rust-lang/crates.io-index"
checksum = "a5924018406ce0063cd67f8e008104968b74b563ee1b85dde3ed1f7cb87d3dbd"
dependencies = [
 "arrayvec",
 "memchr",
]
